
Microsoft Visual Studio Solution File, Format Version 12.00
# Visual Studio Version 17
VisualStudioVersion = 17.3.32825.248
MinimumVisualStudioVersion = 10.0.40219.1
Project("{FAE04EC0-301F-11D3-BF4B-00C04F79EFBC}") = "React_NET_FileManagement", "React_NET_FileManagement\React_NET_FileManagement.csproj", "{0400DDFA-D09D-4E37-867C-8A2A3501E1C3}"
EndProject
Global
	GlobalSection(SolutionConfigurationPlatforms) = preSolution
		Debug|Any CPU = Debug|Any CPU
		Release|Any CPU = Release|Any CPU
	EndGlobalSection
	GlobalSection(ProjectConfigurationPlatforms) = postSolution
		{0400DDFA-D09D-4E37-867C-8A2A3501E1C3}.Debug|Any CPU.ActiveCfg = Debug|Any CPU
		{0400DDFA-D09D-4E37-867C-8A2A3501E1C3}.Debug|Any CPU.Build.0 = Debug|Any CPU
		{0400DDFA-D09D-4E37-867C-8A2A3501E1C3}.Release|Any CPU.ActiveCfg = Release|Any CPU
		{0400DDFA-D09D-4E37-867C-8A2A3501E1C3}.Release|Any CPU.Build.0 = Release|Any CPU
	EndGlobalSection
	GlobalSection(SolutionProperties) = preSolution
		HideSolutionNode = FALSE
	EndGlobalSection
	GlobalSection(ExtensibilityGlobals) = postSolution
		SolutionGuid = {4A09EA4E-8AC2-467E-AE32-5BA8262DF36B}
	EndGlobalSection
EndGlobal
